
Microsoft Visual Studio Solution File, Format Version 12.00
# Visual Studio Version 17
VisualStudioVersion = 17.4.33103.184
MinimumVisualStudioVersion = 10.0.40219.1
Project("{FAE04EC0-301F-11D3-BF4B-00C04F79EFBC}") = "AspProject", "AspProject.csproj", "{A2B93C60-7B90-4C34-8A41-D32433D64122}"
EndProject
Global
	GlobalSection(SolutionConfigurationPlatforms) = preSolution
		Debug|Any CPU = Debug|Any CPU
		Release|Any CPU = Release|Any CPU
	EndGlobalSection
	GlobalSection(ProjectConfigurationPlatforms) = postSolution
		{A2B93C60-7B90-4C34-8A41-D32433D64122}.Debug|Any CPU.ActiveCfg = Debug|Any CPU
		{A2B93C60-7B90-4C34-8A41-D32433D64122}.Debug|Any CPU.Build.0 = Debug|Any CPU
		{A2B93C60-7B90-4C34-8A41-D32433D64122}.Release|Any CPU.ActiveCfg = Release|Any CPU
		{A2B93C60-7B90-4C34-8A41-D32433D64122}.Release|Any CPU.Build.0 = Release|Any CPU
	EndGlobalSection
	GlobalSection(SolutionProperties) = preSolution
		HideSolutionNode = FALSE
	EndGlobalSection
	GlobalSection(ExtensibilityGlobals) = postSolution
		SolutionGuid = {75C12834-6E0D-48E9-A946-9074E1AD3774}
	EndGlobalSection
EndGlobal
